<?xml version="1.0" encoding="utf-8"?>
<Project ToolsVersion="4.0" xmlns="http://schemas.microsoft.com/developer/msbuild/2003">
  <ItemGroup>
    <Filter Include="Source Files">
      <UniqueIdentifier>{4FC737F1-C7A5-4376-A066-2A32D752A2FF}</UniqueIdentifier>
      <Extensions>cpp;c;cc;cxx;c++;cppm;ixx;def;odl;idl;hpj;bat;asm;asmx</Extensions>
    </Filter>
    <Filter Include="Header Files">
      <UniqueIdentifier>{93995380-89BD-4b04-88EB-625FBE52EBFB}</UniqueIdentifier>
      <Extensions>h;hh;hpp;hxx;h++;hm;inl;inc;ipp;xsd</Extensions>
    </Filter>
    <Filter Include="Resource Files">
      <UniqueIdentifier>{67DA6AB6-F800-4c08-8B7A-83BB121AAD01}</UniqueIdentifier>
      <Extensions>rc;ico;cur;bmp;dlg;rc2;rct;bin;rgs;gif;jpg;jpeg;jpe;resx;tiff;tif;png;wav;mfcribbon-ms</Extensions>
    </Filter>
  </ItemGroup>
  <ItemGroup>
    <ClCompile Include="main.cpp">
      <Filter>Source Files</Filter>
    </ClCompile>
    <ClCompile Include="Window\Window.cpp">
      <Filter>Source Files</Filter>
    </ClCompile>
    <ClCompile Include="Libraries\glad\src\glad.c">
      <Filter>Source Files</Filter>
    </ClCompile>
    <ClCompile Include="Core\Core.cpp">
      <Filter>Source Files</Filter>
    </ClCompile>
    <ClCompile Include="Logger\Logger.cpp">
      <Filter>Source Files</Filter>
    </ClCompile>
    <ClCompile Include="Timer\Timer.cpp">
      <Filter>Source Files</Filter>
    </ClCompile>
    <ClCompile Include="InputManager\InputManager.cpp">
      <Filter>Source Files</Filter>
    </ClCompile>
    <ClCompile Include="Renderer\Renderer.cpp">
      <Filter>Source Files</Filter>
    </ClCompile>
    <ClCompile Include="Scene\Scene.cpp">
      <Filter>Source Files</Filter>
    </ClCompile>
    <ClCompile Include="Utils\Utils.cpp">
      <Filter>Source Files</Filter>
    </ClCompile>
    <ClCompile Include="Components\MeshComponent\MeshComponent.cpp">
      <Filter>Source Files</Filter>
    </ClCompile>
    <ClCompile Include="SceneManager\SceneManager.cpp">
      <Filter>Source Files</Filter>
    </ClCompile>
    <ClCompile Include="Shader\Shader.cpp">
      <Filter>Source Files</Filter>
    </ClCompile>
    <ClCompile Include="Texture\Texture.cpp">
      <Filter>Source Files</Filter>
    </ClCompile>
    <ClCompile Include="TextureManager\TextureManager.cpp">
      <Filter>Source Files</Filter>
    </ClCompile>
    <ClCompile Include="Math\Math.cpp">
      <Filter>Source Files</Filter>
    </ClCompile>
    <ClCompile Include="Components\TransformComponent\TransformComponent.cpp">
      <Filter>Source Files</Filter>
    </ClCompile>
    <ClCompile Include="Components\FreeCameraComponent\FreeCameraComponent.cpp">
      <Filter>Source Files</Filter>
    </ClCompile>
    <ClCompile Include="Memory\FreeListAllocator\FreeListAllocator.cpp">
      <Filter>Source Files</Filter>
    </ClCompile>
    <ClCompile Include="Memory\MemoryTracker\MemoryTracker.cpp">
      <Filter>Source Files</Filter>
    </ClCompile>
    <ClCompile Include="Memory\New\New.cpp">
      <Filter>Source Files</Filter>
    </ClCompile>
    <ClCompile Include="LinkedList\LinkedList.cpp">
      <Filter>Source Files</Filter>
    </ClCompile>
    <ClCompile Include="Timer\Timepoint\Timepoint.cpp">
      <Filter>Source Files</Filter>
    </ClCompile>
    <ClCompile Include="IO\IAsset\IAssetWriter.cpp">
      <Filter>Source Files</Filter>
    </ClCompile>
    <ClCompile Include="IO\IAsset\IAssetReader.cpp">
      <Filter>Source Files</Filter>
    </ClCompile>
    <ClCompile Include="IO\File\File.cpp">
      <Filter>Source Files</Filter>
    </ClCompile>
    <ClCompile Include="Component\Component.cpp">
      <Filter>Source Files</Filter>
    </ClCompile>
    <ClCompile Include="Components\TestRotateComponent\TestRotateComponent.cpp">
      <Filter>Source Files</Filter>
    </ClCompile>
    <ClCompile Include="Memory\LowLevelLL\LowLevelLL.cpp">
      <Filter>Source Files</Filter>
    </ClCompile>
    <ClCompile Include="UnitTests\UnitTests.cpp">
      <Filter>Source Files</Filter>
    </ClCompile>
    <ClCompile Include="UnitTests\LowLevelLinkedListTests.cpp">
      <Filter>Source Files</Filter>
    </ClCompile>
    <ClCompile Include="UnitTests\FreeListAllocatorTests.cpp">
      <Filter>Source Files</Filter>
    </ClCompile>
    <ClCompile Include="UnitTests\AllocatorInterfaceTests.cpp">
      <Filter>Source Files</Filter>
    </ClCompile>
    <ClCompile Include="UnitTests\NewTests.cpp">
      <Filter>Source Files</Filter>
    </ClCompile>
    <ClCompile Include="UnitTests\ArrayTests.cpp">
      <Filter>Source Files</Filter>
    </ClCompile>
    <ClCompile Include="UnitTests\TimerTests.cpp">
      <Filter>Source Files</Filter>
    </ClCompile>
    <ClCompile Include="UnitTests\IAssetTests.cpp">
      <Filter>Source Files</Filter>
    </ClCompile>
    <ClCompile Include="UnitTests\MathTests.cpp">
      <Filter>Source Files</Filter>
    </ClCompile>
    <ClCompile Include="UnitTests\FileTests.cpp">
      <Filter>Source Files</Filter>
    </ClCompile>
    <ClCompile Include="CoreEngine.cpp">
      <Filter>Source Files</Filter>
    </ClCompile>
    <ClCompile Include="ECS\Registry\Registry.cpp">
      <Filter>Source Files</Filter>
    </ClCompile>
    <ClCompile Include="Components\TagComponent\TagComponent.cpp">
      <Filter>Source Files</Filter>
    </ClCompile>
    <ClCompile Include="Win32Utils\Win32APICall.cpp">
      <Filter>Source Files</Filter>
    </ClCompile>
    <ClCompile Include="Win32Utils\Win32Handle.cpp">
      <Filter>Source Files</Filter>
    </ClCompile>
    <ClCompile Include="IO\FileContentCache\FileContentCache.cpp">
      <Filter>Source Files</Filter>
    </ClCompile>
    <ClCompile Include="UnitTests\UniquePtrTests.cpp">
      <Filter>Source Files</Filter>
    </ClCompile>
    <ClCompile Include="IO\Ini\IniFile.cpp">
      <Filter>Source Files</Filter>
    </ClCompile>
    <ClCompile Include="UnitTests\IniFileUnitTests.cpp">
      <Filter>Source Files</Filter>
    </ClCompile>
    <ClCompile Include="Logger\LogCategory.cpp">
      <Filter>Source Files</Filter>
    </ClCompile>
    <ClCompile Include="Material\Material.cpp">
      <Filter>Source Files</Filter>
    </ClCompile>
  </ItemGroup>
  <ItemGroup>
    <ClInclude Include="Window\Window.h">
      <Filter>Header Files</Filter>
    </ClInclude>
    <ClInclude Include="Core\Core.h">
      <Filter>Header Files</Filter>
    </ClInclude>
    <ClInclude Include="Logger\Logger.h">
      <Filter>Header Files</Filter>
    </ClInclude>
    <ClInclude Include="DebugUtility\DebugUtility.h">
      <Filter>Header Files</Filter>
    </ClInclude>
    <ClInclude Include="Timer\Timer.h">
      <Filter>Header Files</Filter>
    </ClInclude>
    <ClInclude Include="InputManager\InputManager.h">
      <Filter>Header Files</Filter>
    </ClInclude>
    <ClInclude Include="InputManager\KeyboardInput\KeyboardInput.h">
      <Filter>Header Files</Filter>
    </ClInclude>
    <ClInclude Include="Renderer\Renderer.h">
      <Filter>Header Files</Filter>
    </ClInclude>
    <ClInclude Include="Scene\Scene.h">
      <Filter>Header Files</Filter>
    </ClInclude>
    <ClInclude Include="ECS\Registry\Registry.h">
      <Filter>Header Files</Filter>
    </ClInclude>
    <ClInclude Include="EngineConstants.h">
      <Filter>Header Files</Filter>
    </ClInclude>
    <ClInclude Include="SparseSet\SparseSet.h">
      <Filter>Header Files</Filter>
    </ClInclude>
    <ClInclude Include="ECS\View\View.h">
      <Filter>Header Files</Filter>
    </ClInclude>
    <ClInclude Include="ECS\ComponentIDGenerator\ComponentIDGenerator.h">
      <Filter>Header Files</Filter>
    </ClInclude>
    <ClInclude Include="Utils\Utils.h">
      <Filter>Header Files</Filter>
    </ClInclude>
    <ClInclude Include="ECS\ComponentArray\ComponentArray.h">
      <Filter>Header Files</Filter>
    </ClInclude>
    <ClInclude Include="Components\MeshComponent\MeshComponent.h">
      <Filter>Header Files</Filter>
    </ClInclude>
    <ClInclude Include="SceneManager\SceneManager.h">
      <Filter>Header Files</Filter>
    </ClInclude>
    <ClInclude Include="Vertex\Vertex.h">
      <Filter>Header Files</Filter>
    </ClInclude>
    <ClInclude Include="Math\RGBColour.h">
      <Filter>Header Files</Filter>
    </ClInclude>
    <ClInclude Include="Shader\Shader.h">
      <Filter>Header Files</Filter>
    </ClInclude>
    <ClInclude Include="Texture\Texture.h">
      <Filter>Header Files</Filter>
    </ClInclude>
    <ClInclude Include="Libraries\stb\stb_image.h">
      <Filter>Header Files</Filter>
    </ClInclude>
    <ClInclude Include="TextureManager\TextureManager.h">
      <Filter>Header Files</Filter>
    </ClInclude>
    <ClInclude Include="Math\Math.h">
      <Filter>Header Files</Filter>
    </ClInclude>
    <ClInclude Include="Components\TransformComponent\TransformComponent.h">
      <Filter>Header Files</Filter>
    </ClInclude>
    <ClInclude Include="Components\FreeCameraComponent\FreeCameraComponent.h">
      <Filter>Header Files</Filter>
    </ClInclude>
    <ClInclude Include="Iterator\Iterator.h">
      <Filter>Header Files</Filter>
    </ClInclude>
    <ClInclude Include="InputManager\MouseInput\MouseInput.h">
      <Filter>Header Files</Filter>
    </ClInclude>
    <ClInclude Include="Delegate\Delegate.h">
      <Filter>Header Files</Filter>
    </ClInclude>
    <ClInclude Include="Array\Array.h">
      <Filter>Header Files</Filter>
    </ClInclude>
    <ClInclude Include="Memory\MemoryUtils.h">
      <Filter>Header Files</Filter>
    </ClInclude>
    <ClInclude Include="Memory\FreeListAllocator\FreeListAllocator.h">
      <Filter>Header Files</Filter>
    </ClInclude>
    <ClInclude Include="Memory\MemoryTracker\MemoryTracker.h">
      <Filter>Header Files</Filter>
    </ClInclude>
    <ClInclude Include="Types\Types.h">
      <Filter>Header Files</Filter>
    </ClInclude>
    <ClInclude Include="Memory\Allocator\Allocator.h">
      <Filter>Header Files</Filter>
    </ClInclude>
    <ClInclude Include="Memory\AllocatorTraits\AllocatorTraits.h">
      <Filter>Header Files</Filter>
    </ClInclude>
    <ClInclude Include="LinkedList\LinkedList.h">
      <Filter>Header Files</Filter>
    </ClInclude>
    <ClInclude Include="Timer\Timepoint\Timepoint.h">
      <Filter>Header Files</Filter>
    </ClInclude>
    <ClInclude Include="Timer\TimeLength.h">
      <Filter>Header Files</Filter>
    </ClInclude>
    <ClInclude Include="IO\IOUtils.h">
      <Filter>Header Files</Filter>
    </ClInclude>
    <ClInclude Include="IO\IAsset\IAssetWriter.h">
      <Filter>Header Files</Filter>
    </ClInclude>
    <ClInclude Include="TemplateUtils\TemplateUtils.h">
      <Filter>Header Files</Filter>
    </ClInclude>
    <ClInclude Include="IO\IAsset\IAssetReader.h">
      <Filter>Header Files</Filter>
    </ClInclude>
    <ClInclude Include="IO\File\File.h">
      <Filter>Header Files</Filter>
    </ClInclude>
    <ClInclude Include="Component\Component.h">
      <Filter>Header Files</Filter>
    </ClInclude>
    <ClInclude Include="Components\TestRotateComponent\TestRotateComponent.h">
      <Filter>Header Files</Filter>
    </ClInclude>
    <ClInclude Include="Macros\Macros.h">
      <Filter>Header Files</Filter>
    </ClInclude>
    <ClInclude Include="Memory\LowLevelLL\LowLevelLL.h">
      <Filter>Header Files</Filter>
    </ClInclude>
    <ClInclude Include="IO\FileMode.h">
      <Filter>Header Files</Filter>
    </ClInclude>
    <ClInclude Include="ECS\Registry\Registry.h">
      <Filter>Header Files</Filter>
    </ClInclude>
    <ClInclude Include="ECS\ComponentArray\ComponentArray.h">
      <Filter>Header Files</Filter>
    </ClInclude>
    <ClInclude Include="ECS\View\View.h">
      <Filter>Header Files</Filter>
    </ClInclude>
    <ClInclude Include="Config.h">
      <Filter>Header Files</Filter>
    </ClInclude>
    <ClInclude Include="ECS\ComponentIDGenerator.h">
      <Filter>Header Files</Filter>
    </ClInclude>
    <ClInclude Include="TPair\TPair.h">
      <Filter>Header Files</Filter>
    </ClInclude>
    <ClInclude Include="TPair\TPair.full.h">
      <Filter>Header Files</Filter>
    </ClInclude>
    <ClInclude Include="Components\TagComponent\TagComponent.h">
      <Filter>Header Files</Filter>
    </ClInclude>
    <ClInclude Include="ECS\DenseSet\DenseSet.h">
      <Filter>Header Files</Filter>
    </ClInclude>
    <ClInclude Include="UpdateOrder\UpdateOrder.h">
      <Filter>Header Files</Filter>
    </ClInclude>
    <ClInclude Include="IO\OpenMode.h">
      <Filter>Header Files</Filter>
    </ClInclude>
    <ClInclude Include="Logger\ConsoleColours.h">
      <Filter>Header Files</Filter>
    </ClInclude>
    <ClInclude Include="Win32Utils\Win32APICall.h">
      <Filter>Header Files</Filter>
    </ClInclude>
    <ClInclude Include="Win32Utils\Win32Handle.h">
      <Filter>Header Files</Filter>
    </ClInclude>
    <ClInclude Include="IO\FileContentCache\FileContentCache.h">
      <Filter>Header Files</Filter>
    </ClInclude>
    <ClInclude Include="Memory\UniquePtr.h">
      <Filter>Header Files</Filter>
    </ClInclude>
    <ClInclude Include="IO\Ini\IniFile.h">
      <Filter>Header Files</Filter>
    </ClInclude>
    <ClInclude Include="Logger\LogCategory.h">
      <Filter>Header Files</Filter>
    </ClInclude>
    <ClInclude Include="Logger\LogVerbosity.h">
      <Filter>Header Files</Filter>
    </ClInclude>
    <ClInclude Include="Material\Material.h">
      <Filter>Header Files</Filter>
    </ClInclude>
  </ItemGroup>
  <ItemGroup>
    <None Include="cpp.hint" />
  </ItemGroup>
  <ItemGroup>
    <Natvis Include="NatvisFile.natvis" />
  </ItemGroup>
  <ItemGroup>
    <Text Include="Resources\LightVertexShader.txt" />
    <Text Include="Resources\LightFragmentShader.txt" />
    <Text Include="Resources\LightVertexShader2.txt" />
    <Text Include="Resources\LightFragmentShader2.txt" />
  </ItemGroup>
</Project>